// !$*UTF8*$!
{
	archiveVersion = 1;
	classes = {
	};
	objectVersion = 46;
	objects = {

/* Begin PBXBuildFile section */
		1E10106C1E67E98C00C3A1B9 /* main.m in Sources */ = {isa = PBXBuildFile; fileRef = 1E10106B1E67E98C00C3A1B9 /* main.m */; };
		1E10106F1E67E98C00C3A1B9 /* AppDelegate.m in Sources */ = {isa = PBXBuildFile; fileRef = 1E10106E1E67E98C00C3A1B9 /* AppDelegate.m */; };
		1E1010721E67E98C00C3A1B9 /* ViewController.m in Sources */ = {isa = PBXBuildFile; fileRef = 1E1010711E67E98C00C3A1B9 /* ViewController.m */; };
		1E1010751E67E98C00C3A1B9 /* Main.storyboard in Resources */ = {isa = PBXBuildFile; fileRef = 1E1010731E67E98C00C3A1B9 /* Main.storyboard */; };
		1E1010771E67E98C00C3A1B9 /* Assets.xcassets in Resources */ = {isa = PBXBuildFile; fileRef = 1E1010761E67E98C00C3A1B9 /* Assets.xcassets */; };
		1E10107A1E67E98C00C3A1B9 /* LaunchScreen.storyboard in Resources */ = {isa = PBXBuildFile; fileRef = 1E1010781E67E98C00C3A1B9 /* LaunchScreen.storyboard */; };
		1E1010851E67E98D00C3A1B9 /* XCPresentationExampleTests.m in Sources */ = {isa = PBXBuildFile; fileRef = 1E1010841E67E98D00C3A1B9 /* XCPresentationExampleTests.m */; };
		1E1010901E67E98D00C3A1B9 /* XCPresentationExampleUITests.m in Sources */ = {isa = PBXBuildFile; fileRef = 1E10108F1E67E98D00C3A1B9 /* XCPresentationExampleUITests.m */; };
		1E1010A01E67E9CA00C3A1B9 /* XCPresentation.m in Sources */ = {isa = PBXBuildFile; fileRef = 1E10109F1E67E9CA00C3A1B9 /* XCPresentation.m */; };
		1E1010A31E67E9DF00C3A1B9 /* XCTextViewController.m in Sources */ = {isa = PBXBuildFile; fileRef = 1E1010A21E67E9DF00C3A1B9 /* XCTextViewController.m */; };
/* End PBXBuildFile section */

/* Begin PBXContainerItemProxy section */
		1E1010811E67E98D00C3A1B9 /* PBXContainerItemProxy */ = {
			isa = PBXContainerItemProxy;
			containerPortal = 1E10105F1E67E98C00C3A1B9 /* Project object */;
			proxyType = 1;
			remoteGlobalIDString = 1E1010661E67E98C00C3A1B9;
			remoteInfo = XCPresentationExample;
		};
		1E10108C1E67E98D00C3A1B9 /* PBXContainerItemProxy */ = {
			isa = PBXContainerItemProxy;
			containerPortal = 1E10105F1E67E98C00C3A1B9 /* Project object */;
			proxyType = 1;
			remoteGlobalIDString = 1E1010661E67E98C00C3A1B9;
			remoteInfo = XCPresentationExample;
		};
/* End PBXContainerItemProxy section */

/* Begin PBXFileReference section */
		1E1010671E67E98C00C3A1B9 /* XCPresentationExample.app */ = {isa = PBXFileReference; explicitFileType = wrapper.application; includeInIndex = 0; path = XCPresentationExample.app; sourceTree = BUILT_PRODUCTS_DIR; };
		1E10106B1E67E98C00C3A1B9 /* main.m */ = {isa = PBXFileReference; lastKnownFileType = sourcecode.c.objc; path = main.m; sourceTree = "<group>"; };
		1E10106D1E67E98C00C3A1B9 /* AppDelegate.h */ = {isa = PBXFileReference; lastKnownFileType = sourcecode.c.h; path = AppDelegate.h; sourceTree = "<group>"; };
		1E10106E1E67E98C00C3A1B9 /* AppDelegate.m */ = {isa = PBXFileReference; lastKnownFileType = sourcecode.c.objc; path = AppDelegate.m; sourceTree = "<group>"; };
		1E1010701E67E98C00C3A1B9 /* ViewController.h */ = {isa = PBXFileReference; lastKnownFileType = sourcecode.c.h; path = ViewController.h; sourceTree = "<group>"; };
		1E1010711E67E98C00C3A1B9 /* ViewController.m */ = {isa = PBXFileReference; lastKnownFileType = sourcecode.c.objc; path = ViewController.m; sourceTree = "<group>"; };
		1E1010741E67E98C00C3A1B9 /* Base */ = {isa = PBXFileReference; lastKnownFileType = file.storyboard; name = Base; path = Base.lproj/Main.storyboard; sourceTree = "<group>"; };
		1E1010761E67E98C00C3A1B9 /* Assets.xcassets */ = {isa = PBXFileReference; lastKnownFileType = folder.assetcatalog; path = Assets.xcassets; sourceTree = "<group>"; };
		1E1010791E67E98C00C3A1B9 /* Base */ = {isa = PBXFileReference; lastKnownFileType = file.storyboard; name = Base; path = Base.lproj/LaunchScreen.storyboard; sourceTree = "<group>"; };
		1E10107B1E67E98C00C3A1B9 /* Info.plist */ = {isa = PBXFileReference; lastKnownFileType = text.plist.xml; path = Info.plist; sourceTree = "<group>"; };
		1E1010801E67E98D00C3A1B9 /* XCPresentationExampleTests.xctest */ = {isa = PBXFileReference; explicitFileType = wrapper.cfbundle; includeInIndex = 0; path = XCPresentationExampleTests.xctest; sourceTree = BUILT_PRODUCTS_DIR; };
		1E1010841E67E98D00C3A1B9 /* XCPresentationExampleTests.m */ = {isa = PBXFileReference; lastKnownFileType = sourcecode.c.objc; path = XCPresentationExampleTests.m; sourceTree = "<group>"; };
		1E1010861E67E98D00C3A1B9 /* Info.plist */ = {isa = PBXFileReference; lastKnownFileType = text.plist.xml; path = Info.plist; sourceTree = "<group>"; };
		1E10108B1E67E98D00C3A1B9 /* XCPresentationExampleUITests.xctest */ = {isa = PBXFileReference; explicitFileType = wrapper.cfbundle; includeInIndex = 0; path = XCPresentationExampleUITests.xctest; sourceTree = BUILT_PRODUCTS_DIR; };
		1E10108F1E67E98D00C3A1B9 /* XCPresentationExampleUITests.m */ = {isa = PBXFileReference; lastKnownFileType = sourcecode.c.objc; path = XCPresentationExampleUITests.m; sourceTree = "<group>"; };
		1E1010911E67E98D00C3A1B9 /* Info.plist */ = {isa = PBXFileReference; lastKnownFileType = text.plist.xml; path = Info.plist; sourceTree = "<group>"; };
		1E10109E1E67E9CA00C3A1B9 /* XCPresentation.h */ = {isa = PBXFileReference; fileEncoding = 4; lastKnownFileType = sourcecode.c.h; path = XCPresentation.h; sourceTree = "<group>"; };
		1E10109F1E67E9CA00C3A1B9 /* XCPresentation.m */ = {isa = PBXFileReference; fileEncoding = 4; lastKnownFileType = sourcecode.c.objc; path = XCPresentation.m; sourceTree = "<group>"; };
		1E1010A11E67E9DF00C3A1B9 /* XCTextViewController.h */ = {isa = PBXFileReference; fileEncoding = 4; lastKnownFileType = sourcecode.c.h; path = XCTextViewController.h; sourceTree = "<group>"; };
		1E1010A21E67E9DF00C3A1B9 /* XCTextViewController.m */ = {isa = PBXFileReference; fileEncoding = 4; lastKnownFileType = sourcecode.c.objc; path = XCTextViewController.m; sourceTree = "<group>"; };
/* End PBXFileReference section */

/* Begin PBXFrameworksBuildPhase section */
		1E1010641E67E98C00C3A1B9 /* Frameworks */ = {
			isa = PBXFrameworksBuildPhase;
			buildActionMask = 2147483647;
			files = (
			);
			runOnlyForDeploymentPostprocessing = 0;
		};
		1E10107D1E67E98D00C3A1B9 /* Frameworks */ = {
			isa = PBXFrameworksBuildPhase;
			buildActionMask = 2147483647;
			files = (
			);
			runOnlyForDeploymentPostprocessing = 0;
		};
		1E1010881E67E98D00C3A1B9 /* Frameworks */ = {
			isa = PBXFrameworksBuildPhase;
			buildActionMask = 2147483647;
			files = (
			);
			runOnlyForDeploymentPostprocessing = 0;
		};
/* End PBXFrameworksBuildPhase section */

/* Begin PBXGroup section */
		1E10105E1E67E98C00C3A1B9 = {
			isa = PBXGroup;
			children = (
				1E10109D1E67E9CA00C3A1B9 /* XCPresentation */,
				1E1010691E67E98C00C3A1B9 /* XCPresentationExample */,
				1E1010831E67E98D00C3A1B9 /* XCPresentationExampleTests */,
				1E10108E1E67E98D00C3A1B9 /* XCPresentationExampleUITests */,
				1E1010681E67E98C00C3A1B9 /* Products */,
			);
			sourceTree = "<group>";
		};
		1E1010681E67E98C00C3A1B9 /* Products */ = {
			isa = PBXGroup;
			children = (
				1E1010671E67E98C00C3A1B9 /* XCPresentationExample.app */,
				1E1010801E67E98D00C3A1B9 /* XCPresentationExampleTests.xctest */,
				1E10108B1E67E98D00C3A1B9 /* XCPresentationExampleUITests.xctest */,
			);
			name = Products;
			sourceTree = "<group>";
		};
		1E1010691E67E98C00C3A1B9 /* XCPresentationExample */ = {
			isa = PBXGroup;
			children = (
				1E10106D1E67E98C00C3A1B9 /* AppDelegate.h */,
				1E10106E1E67E98C00C3A1B9 /* AppDelegate.m */,
				1E1010701E67E98C00C3A1B9 /* ViewController.h */,
				1E1010711E67E98C00C3A1B9 /* ViewController.m */,
				1E1010A11E67E9DF00C3A1B9 /* XCTextViewController.h */,
				1E1010A21E67E9DF00C3A1B9 /* XCTextViewController.m */,
				1E1010731E67E98C00C3A1B9 /* Main.storyboard */,
				1E1010761E67E98C00C3A1B9 /* Assets.xcassets */,
				1E1010781E67E98C00C3A1B9 /* LaunchScreen.storyboard */,
				1E10107B1E67E98C00C3A1B9 /* Info.plist */,
				1E10106A1E67E98C00C3A1B9 /* Supporting Files */,
			);
			path = XCPresentationExample;
			sourceTree = "<group>";
		};
		1E10106A1E67E98C00C3A1B9 /* Supporting Files */ = {
			isa = PBXGroup;
			children = (
				1E10106B1E67E98C00C3A1B9 /* main.m */,
			);
			name = "Supporting Files";
			sourceTree = "<group>";
		};
		1E1010831E67E98D00C3A1B9 /* XCPresentationExampleTests */ = {
			isa = PBXGroup;
			children = (
				1E1010841E67E98D00C3A1B9 /* XCPresentationExampleTests.m */,
				1E1010861E67E98D00C3A1B9 /* Info.plist */,
			);
			path = XCPresentationExampleTests;
			sourceTree = "<group>";
		};
		1E10108E1E67E98D00C3A1B9 /* XCPresentationExampleUITests */ = {
			isa = PBXGroup;
			children = (
				1E10108F1E67E98D00C3A1B9 /* XCPresentationExampleUITests.m */,
				1E1010911E67E98D00C3A1B9 /* Info.plist */,
			);
			path = XCPresentationExampleUITests;
			sourceTree = "<group>";
		};
		1E10109D1E67E9CA00C3A1B9 /* XCPresentation */ = {
			isa = PBXGroup;
			children = (
				1E10109E1E67E9CA00C3A1B9 /* XCPresentation.h */,
				1E10109F1E67E9CA00C3A1B9 /* XCPresentation.m */,
			);
			path = XCPresentation;
			sourceTree = "<group>";
		};
/* End PBXGroup section */

/* Begin PBXNativeTarget section */
		1E1010661E67E98C00C3A1B9 /* XCPresentationExample */ = {
			isa = PBXNativeTarget;
			buildConfigurationList = 1E1010941E67E98D00C3A1B9 /* Build configuration list for PBXNativeTarget "XCPresentationExample" */;
			buildPhases = (
				1E1010631E67E98C00C3A1B9 /* Sources */,
				1E1010641E67E98C00C3A1B9 /* Frameworks */,
				1E1010651E67E98C00C3A1B9 /* Resources */,
			);
			buildRules = (
			);
			dependencies = (
			);
			name = XCPresentationExample;
			productName = XCPresentationExample;
			productReference = 1E1010671E67E98C00C3A1B9 /* XCPresentationExample.app */;
			productType = "com.apple.product-type.application";
		};
		1E10107F1E67E98D00C3A1B9 /* XCPresentationExampleTests */ = {
			isa = PBXNativeTarget;
			buildConfigurationList = 1E1010971E67E98D00C3A1B9 /* Build configuration list for PBXNativeTarget "XCPresentationExampleTests" */;
			buildPhases = (
				1E10107C1E67E98D00C3A1B9 /* Sources */,
				1E10107D1E67E98D00C3A1B9 /* Frameworks */,
				1E10107E1E67E98D00C3A1B9 /* Resources */,
			);
			buildRules = (
			);
			dependencies = (
				1E1010821E67E98D00C3A1B9 /* PBXTargetDependency */,
			);
			name = XCPresentationExampleTests;
			productName = XCPresentationExampleTests;
			productReference = 1E1010801E67E98D00C3A1B9 /* XCPresentationExampleTests.xctest */;
			productType = "com.apple.product-type.bundle.unit-test";
		};
		1E10108A1E67E98D00C3A1B9 /* XCPresentationExampleUITests */ = {
			isa = PBXNativeTarget;
			buildConfigurationList = 1E10109A1E67E98D00C3A1B9 /* Build configuration list for PBXNativeTarget "XCPresentationExampleUITests" */;
			buildPhases = (
				1E1010871E67E98D00C3A1B9 /* Sources */,
				1E1010881E67E98D00C3A1B9 /* Frameworks */,
				1E1010891E67E98D00C3A1B9 /* Resources */,
			);
			buildRules = (
			);
			dependencies = (
				1E10108D1E67E98D00C3A1B9 /* PBXTargetDependency */,
			);
			name = XCPresentationExampleUITests;
			productName = XCPresentationExampleUITests;
			productReference = 1E10108B1E67E98D00C3A1B9 /* XCPresentationExampleUITests.xctest */;
			productType = "com.apple.product-type.bundle.ui-testing";
		};
/* End PBXNativeTarget section */

/* Begin PBXProject section */
		1E10105F1E67E98C00C3A1B9 /* Project object */ = {
			isa = PBXProject;
			attributes = {
				LastUpgradeCheck = 0810;
				ORGANIZATIONNAME = "樊小聪";
				TargetAttributes = {
					1E1010661E67E98C00C3A1B9 = {
						CreatedOnToolsVersion = 8.1;
						ProvisioningStyle = Automatic;
					};
					1E10107F1E67E98D00C3A1B9 = {
						CreatedOnToolsVersion = 8.1;
						ProvisioningStyle = Automatic;
						TestTargetID = 1E1010661E67E98C00C3A1B9;
					};
					1E10108A1E67E98D00C3A1B9 = {
						CreatedOnToolsVersion = 8.1;
						ProvisioningStyle = Automatic;
						TestTargetID = 1E1010661E67E98C00C3A1B9;
					};
				};
			};
			buildConfigurationList = 1E1010621E67E98C00C3A1B9 /* Build configuration list for PBXProject "XCPresentationExample" */;
			compatibilityVersion = "Xcode 3.2";
			developmentRegion = English;
			hasScannedForEncodings = 0;
			knownRegions = (
				en,
				Base,
			);
			mainGroup = 1E10105E1E67E98C00C3A1B9;
			productRefGroup = 1E1010681E67E98C00C3A1B9 /* Products */;
			projectDirPath = "";
			projectRoot = "";
			targets = (
				1E1010661E67E98C00C3A1B9 /* XCPresentationExample */,
				1E10107F1E67E98D00C3A1B9 /* XCPresentationExampleTests */,
				1E10108A1E67E98D00C3A1B9 /* XCPresentationExampleUITests */,
			);
		};
/* End PBXProject section */

/* Begin PBXResourcesBuildPhase section */
		1E1010651E67E98C00C3A1B9 /* Resources */ = {
			isa = PBXResourcesBuildPhase;
			buildActionMask = 2147483647;
			files = (
				1E10107A1E67E98C00C3A1B9 /* LaunchScreen.storyboard in Resources */,
				1E1010771E67E98C00C3A1B9 /* Assets.xcassets in Resources */,
				1E1010751E67E98C00C3A1B9 /* Main.storyboard in Resources */,
			);
			runOnlyForDeploymentPostprocessing = 0;
		};
		1E10107E1E67E98D00C3A1B9 /* Resources */ = {
			isa = PBXResourcesBuildPhase;
			buildActionMask = 2147483647;
			files = (
			);
			runOnlyForDeploymentPostprocessing = 0;
		};
		1E1010891E67E98D00C3A1B9 /* Resources */ = {
			isa = PBXResourcesBuildPhase;
			buildActionMask = 2147483647;
			files = (
			);
			runOnlyForDeploymentPostprocessing = 0;
		};
/* End PBXResourcesBuildPhase section */

/* Begin PBXSourcesBuildPhase section */
		1E1010631E67E98C00C3A1B9 /* Sources */ = {
			isa = PBXSourcesBuildPhase;
			buildActionMask = 2147483647;
			files = (
				1E1010721E67E98C00C3A1B9 /* ViewController.m in Sources */,
				1E10106F1E67E98C00C3A1B9 /* AppDelegate.m in Sources */,
				1E1010A01E67E9CA00C3A1B9 /* XCPresentation.m in Sources */,
				1E1010A31E67E9DF00C3A1B9 /* XCTextViewController.m in Sources */,
				1E10106C1E67E98C00C3A1B9 /* main.m in Sources */,
			);
			runOnlyForDeploymentPostprocessing = 0;
		};
		1E10107C1E67E98D00C3A1B9 /* Sources */ = {
			isa = PBXSourcesBuildPhase;
			buildActionMask = 2147483647;
			files = (
				1E1010851E67E98D00C3A1B9 /* XCPresentationExampleTests.m in Sources */,
			);
			runOnlyForDeploymentPostprocessing = 0;
		};
		1E1010871E67E98D00C3A1B9 /* Sources */ = {
			isa = PBXSourcesBuildPhase;
			buildActionMask = 2147483647;
			files = (
				1E1010901E67E98D00C3A1B9 /* XCPresentationExampleUITests.m in Sources */,
			);
			runOnlyForDeploymentPostprocessing = 0;
		};
/* End PBXSourcesBuildPhase section */

/* Begin PBXTargetDependency section */
		1E1010821E67E98D00C3A1B9 /* PBXTargetDependency */ = {
			isa = PBXTargetDependency;
			target = 1E1010661E67E98C00C3A1B9 /* XCPresentationExample */;
			targetProxy = 1E1010811E67E98D00C3A1B9 /* PBXContainerItemProxy */;
		};
		1E10108D1E67E98D00C3A1B9 /* PBXTargetDependency */ = {
			isa = PBXTargetDependency;
			target = 1E1010661E67E98C00C3A1B9 /* XCPresentationExample */;
			targetProxy = 1E10108C1E67E98D00C3A1B9 /* PBXContainerItemProxy */;
		};
/* End PBXTargetDependency section */

/* Begin PBXVariantGroup section */
		1E1010731E67E98C00C3A1B9 /* Main.storyboard */ = {
			isa = PBXVariantGroup;
			children = (
				1E1010741E67E98C00C3A1B9 /* Base */,
			);
			name = Main.storyboard;
			sourceTree = "<group>";
		};
		1E1010781E67E98C00C3A1B9 /* LaunchScreen.storyboard */ = {
			isa = PBXVariantGroup;
			children = (
				1E1010791E67E98C00C3A1B9 /* Base */,
			);
			name = LaunchScreen.storyboard;
			sourceTree = "<group>";
		};
/* End PBXVariantGroup section */

/* Begin XCBuildConfiguration section */
		1E1010921E67E98D00C3A1B9 /* Debug */ = {
			isa = XCBuildConfiguration;
			buildSettings = {
				ALWAYS_SEARCH_USER_PATHS = NO;
				CLANG_ANALYZER_NONNULL = YES;
				CLANG_CXX_LANGUAGE_STANDARD = "gnu++0x";
				CLANG_CXX_LIBRARY = "libc++";
				CLANG_ENABLE_MODULES = YES;
				CLANG_ENABLE_OBJC_ARC = YES;
				CLANG_WARN_BOOL_CONVERSION = YES;
				CLANG_WARN_CONSTANT_CONVERSION = YES;
				CLANG_WARN_DIRECT_OBJC_ISA_USAGE = YES_ERROR;
				CLANG_WARN_DOCUMENTATION_COMMENTS = YES;
				CLANG_WARN_EMPTY_BODY = YES;
				CLANG_WARN_ENUM_CONVERSION = YES;
				CLANG_WARN_INFINITE_RECURSION = YES;
				CLANG_WARN_INT_CONVERSION = YES;
				CLANG_WARN_OBJC_ROOT_CLASS = YES_ERROR;
				CLANG_WARN_SUSPICIOUS_MOVES = YES;
				CLANG_WARN_UNREACHABLE_CODE = YES;
				CLANG_WARN__DUPLICATE_METHOD_MATCH = YES;
				"CODE_SIGN_IDENTITY[sdk=iphoneos*]" = "iPhone Developer";
				COPY_PHASE_STRIP = NO;
				DEBUG_INFORMATION_FORMAT = dwarf;
				ENABLE_STRICT_OBJC_MSGSEND = YES;
				ENABLE_TESTABILITY = YES;
				GCC_C_LANGUAGE_STANDARD = gnu99;
				GCC_DYNAMIC_NO_PIC = NO;
				GCC_NO_COMMON_BLOCKS = YES;
				GCC_OPTIMIZATION_LEVEL = 0;
				GCC_PREPROCESSOR_DEFINITIONS = (
					"DEBUG=1",
					"$(inherited)",
				);
				GCC_WARN_64_TO_32_BIT_CONVERSION = YES;
				GCC_WARN_ABOUT_RETURN_TYPE = YES_ERROR;
				GCC_WARN_UNDECLARED_SELECTOR = YES;
				GCC_WARN_UNINITIALIZED_AUTOS = YES_AGGRESSIVE;
				GCC_WARN_UNUSED_FUNCTION = YES;
				GCC_WARN_UNUSED_VARIABLE = YES;
				IPHONEOS_DEPLOYMENT_TARGET = 10.1;
				MTL_ENABLE_DEBUG_INFO = YES;
				ONLY_ACTIVE_ARCH = YES;
				SDKROOT = iphoneos;
			};
			name = Debug;
		};
		1E1010931E67E98D00C3A1B9 /* Release */ = {
			isa = XCBuildConfiguration;
			buildSettings = {
				ALWAYS_SEARCH_USER_PATHS = NO;
				CLANG_ANALYZER_NONNULL = YES;
				CLANG_CXX_LANGUAGE_STANDARD = "gnu++0x";
				CLANG_CXX_LIBRARY = "libc++";
				CLANG_ENABLE_MODULES = YES;
				CLANG_ENABLE_OBJC_ARC = YES;
				CLANG_WARN_BOOL_CONVERSION = YES;
				CLANG_WARN_CONSTANT_CONVERSION = YES;
				CLANG_WARN_DIRECT_OBJC_ISA_USAGE = YES_ERROR;
				CLANG_WARN_DOCUMENTATION_COMMENTS = YES;
				CLANG_WARN_EMPTY_BODY = YES;
				CLANG_WARN_ENUM_CONVERSION = YES;
				CLANG_WARN_INFINITE_RECURSION = YES;
				CLANG_WARN_INT_CONVERSION = YES;
				CLANG_WARN_OBJC_ROOT_CLASS = YES_ERROR;
				CLANG_WARN_SUSPICIOUS_MOVES = YES;
				CLANG_WARN_UNREACHABLE_CODE = YES;
				CLANG_WARN__DUPLICATE_METHOD_MATCH = YES;
				"CODE_SIGN_IDENTITY[sdk=iphoneos*]" = "iPhone Developer";
				COPY_PHASE_STRIP = NO;
				DEBUG_INFORMATION_FORMAT = "dwarf-with-dsym";
				ENABLE_NS_ASSERTIONS = NO;
				ENABLE_STRICT_OBJC_MSGSEND = YES;
				GCC_C_LANGUAGE_STANDARD = gnu99;
				GCC_NO_COMMON_BLOCKS = YES;
				GCC_WARN_64_TO_32_BIT_CONVERSION = YES;
				GCC_WARN_ABOUT_RETURN_TYPE = YES_ERROR;
				GCC_WARN_UNDECLARED_SELECTOR = YES;
				GCC_WARN_UNINITIALIZED_AUTOS = YES_AGGRESSIVE;
				GCC_WARN_UNUSED_FUNCTION = YES;
				GCC_WARN_UNUSED_VARIABLE = YES;
				IPHONEOS_DEPLOYMENT_TARGET = 10.1;
				MTL_ENABLE_DEBUG_INFO = NO;
				SDKROOT = iphoneos;
				VALIDATE_PRODUCT = YES;
			};
			name = Release;
		};
		1E1010951E67E98D00C3A1B9 /* Debug */ = {
			isa = XCBuildConfiguration;
			buildSettings = {
				ASSETCATALOG_COMPILER_APPICON_NAME = AppIcon;
				INFOPLIST_FILE = XCPresentationExample/Info.plist;
				LD_RUNPATH_SEARCH_PATHS = "$(inherited) @executable_path/Frameworks";
				PRODUCT_BUNDLE_IDENTIFIER = ylh.XCPresentationExample;
				PRODUCT_NAME = "$(TARGET_NAME)";
			};
			name = Debug;
		};
		1E1010961E67E98D00C3A1B9 /* Release */ = {
			isa = XCBuildConfiguration;
			buildSettings = {
				ASSETCATALOG_COMPILER_APPICON_NAME = AppIcon;
				INFOPLIST_FILE = XCPresentationExample/Info.plist;
				LD_RUNPATH_SEARCH_PATHS = "$(inherited) @executable_path/Frameworks";
				PRODUCT_BUNDLE_IDENTIFIER = ylh.XCPresentationExample;
				PRODUCT_NAME = "$(TARGET_NAME)";
			};
			name = Release;
		};
		1E1010981E67E98D00C3A1B9 /* Debug */ = {
			isa = XCBuildConfiguration;
			buildSettings = {
				BUNDLE_LOADER = "$(TEST_HOST)";
				INFOPLIST_FILE = XCPresentationExampleTests/Info.plist;
				LD_RUNPATH_SEARCH_PATHS = "$(inherited) @executable_path/Frameworks @loader_path/Frameworks";
				PRODUCT_BUNDLE_IDENTIFIER = ylh.XCPresentationExampleTests;
				PRODUCT_NAME = "$(TARGET_NAME)";
				TEST_HOST = "$(BUILT_PRODUCTS_DIR)/XCPresentationExample.app/XCPresentationExample";
			};
			name = Debug;
		};
		1E1010991E67E98D00C3A1B9 /* Release */ = {
			isa = XCBuildConfiguration;
			buildSettings = {
				BUNDLE_LOADER = "$(TEST_HOST)";
				INFOPLIST_FILE = XCPresentationExampleTests/Info.plist;
				LD_RUNPATH_SEARCH_PATHS = "$(inherited) @executable_path/Frameworks @loader_path/Frameworks";
				PRODUCT_BUNDLE_IDENTIFIER = ylh.XCPresentationExampleTests;
				PRODUCT_NAME = "$(TARGET_NAME)";
				TEST_HOST = "$(BUILT_PRODUCTS_DIR)/XCPresentationExample.app/XCPresentationExample";
			};
			name = Release;
		};
		1E10109B1E67E98D00C3A1B9 /* Debug */ = {
			isa = XCBuildConfiguration;
			buildSettings = {
				INFOPLIST_FILE = XCPresentationExampleUITests/Info.plist;
				LD_RUNPATH_SEARCH_PATHS = "$(inherited) @executable_path/Frameworks @loader_path/Frameworks";
				PRODUCT_BUNDLE_IDENTIFIER = ylh.XCPresentationExampleUITests;
				PRODUCT_NAME = "$(TARGET_NAME)";
				TEST_TARGET_NAME = XCPresentationExample;
			};
			name = Debug;
		};
		1E10109C1E67E98D00C3A1B9 /* Release */ = {
			isa = XCBuildConfiguration;
			buildSettings = {
				INFOPLIST_FILE = XCPresentationExampleUITests/Info.plist;
				LD_RUNPATH_SEARCH_PATHS = "$(inherited) @executable_path/Frameworks @loader_path/Frameworks";
				PRODUCT_BUNDLE_IDENTIFIER = ylh.XCPresentationExampleUITests;
				PRODUCT_NAME = "$(TARGET_NAME)";
				TEST_TARGET_NAME = XCPresentationExample;
			};
			name = Release;
		};
/* End XCBuildConfiguration section */

/* Begin XCConfigurationList section */
		1E1010621E67E98C00C3A1B9 /* Build configuration list for PBXProject "XCPresentationExample" */ = {
			isa = XCConfigurationList;
			buildConfigurations = (
				1E1010921E67E98D00C3A1B9 /* Debug */,
				1E1010931E67E98D00C3A1B9 /* Release */,
			);
			defaultConfigurationIsVisible = 0;
			defaultConfigurationName = Release;
		};
		1E1010941E67E98D00C3A1B9 /* Build configuration list for PBXNativeTarget "XCPresentationExample" */ = {
			isa = XCConfigurationList;
			buildConfigurations = (
				1E1010951E67E98D00C3A1B9 /* Debug */,
				1E1010961E67E98D00C3A1B9 /* Release */,
			);
			defaultConfigurationIsVisible = 0;
			defaultConfigurationName = Release;
		};
		1E1010971E67E98D00C3A1B9 /* Build configuration list for PBXNativeTarget "XCPresentationExampleTests" */ = {
			isa = XCConfigurationList;
			buildConfigurations = (
				1E1010981E67E98D00C3A1B9 /* Debug */,
				1E1010991E67E98D00C3A1B9 /* Release */,
			);
			defaultConfigurationIsVisible = 0;
			defaultConfigurationName = Release;
		};
		1E10109A1E67E98D00C3A1B9 /* Build configuration list for PBXNativeTarget "XCPresentationExampleUITests" */ = {
			isa = XCConfigurationList;
			buildConfigurations = (
				1E10109B1E67E98D00C3A1B9 /* Debug */,
				1E10109C1E67E98D00C3A1B9 /* Release */,
			);
			defaultConfigurationIsVisible = 0;
			defaultConfigurationName = Release;
		};
/* End XCConfigurationList section */
	};
	rootObject = 1E10105F1E67E98C00C3A1B9 /* Project object */;
}
